{
  "name": "convert-csv-to-json",
  "version": "3.10.0",
  "lockfileVersion": 1,
  "requires": true,
  "dependencies": {
    "@types/node": {
      "version": "24.6.2",
      "dev": true,
      "requires": {
        "undici-types": "~7.13.0"
      }
    },
    "tinybench": {
      "version": "5.0.1",
      "resolved": "https://registry.npmjs.org/tinybench/-/tinybench-5.0.1.tgz",
      "integrity": "sha512-aNVgWQZY4veCZLQJRftDA1X9OoLUIjDWNfC90nledkX7Lx205IpSEFYnsu4slyofoPGpJ+NIQj+BNSt4U5edMg==",
      "dev": true
    },
    "typescript": {
      "version": "5.9.3",
      "dev": true
    },
    "undici-types": {
      "version": "7.13.0",
      "resolved": "https://registry.npmjs.org/undici-types/-/undici-types-7.13.0.tgz",
      "integrity": "sha512-Ov2Rr9Sx+fRgagJ5AX0qvItZG/JKKoBRAVITs1zk7IqZGTJUwgUr7qoYBpWwakpWilTZFM98rG/AFRocu10iIQ==",
      "dev": true
    }
  }
}
